# This file is automatically @generated by Cargo.
# It is not intended for manual editing.
[[package]]
name = "parity-wasm"
version = "0.39.0"
source = "registry+https://github.com/rust-lang/crates.io-index"

[[package]]
name = "waprof"
version = "0.1.0"
dependencies = [
 "parity-wasm 0.39.0 (registry+https://github.com/rust-lang/crates.io-index)",
]

[metadata]
"checksum parity-wasm 0.39.0 (registry+https://github.com/rust-lang/crates.io-index)" = "17cf2b50c5bd3badc0e148a4dbbe5592d553c38a430270a0fa2f67bf0ccd477b"
